// !$*UTF8*$!
{
	archiveVersion = 1;
	classes = {
	};
	objectVersion = 50;
	objects = {

/* Begin PBXBuildFile section */
		A831A66423B7FC1A00B6DAEB /* PhotoAlbumVC.swift in Sources */ = {isa = PBXBuildFile; fileRef = A831A66323B7FC1A00B6DAEB /* PhotoAlbumVC.swift */; };
		A840385C23B6C35C00F54763 /* AppDelegate.swift in Sources */ = {isa = PBXBuildFile; fileRef = A840385B23B6C35C00F54763 /* AppDelegate.swift */; };
		A840385E23B6C35C00F54763 /* SceneDelegate.swift in Sources */ = {isa = PBXBuildFile; fileRef = A840385D23B6C35C00F54763 /* SceneDelegate.swift */; };
		A840386023B6C35C00F54763 /* MapVC.swift in Sources */ = {isa = PBXBuildFile; fileRef = A840385F23B6C35C00F54763 /* MapVC.swift */; };
		A840386323B6C35C00F54763 /* Main.storyboard in Resources */ = {isa = PBXBuildFile; fileRef = A840386123B6C35C00F54763 /* Main.storyboard */; };
		A840386623B6C35C00F54763 /* VirtualTourist.xcdatamodeld in Sources */ = {isa = PBXBuildFile; fileRef = A840386423B6C35C00F54763 /* VirtualTourist.xcdatamodeld */; };
		A840386823B6C35E00F54763 /* Assets.xcassets in Resources */ = {isa = PBXBuildFile; fileRef = A840386723B6C35E00F54763 /* Assets.xcassets */; };
		A840386B23B6C35E00F54763 /* LaunchScreen.storyboard in Resources */ = {isa = PBXBuildFile; fileRef = A840386923B6C35E00F54763 /* LaunchScreen.storyboard */; };
		A840387323B6C53500F54763 /* PhotoResponse.swift in Sources */ = {isa = PBXBuildFile; fileRef = A840387223B6C53500F54763 /* PhotoResponse.swift */; };
		A840387523B6C54C00F54763 /* VTClient.swift in Sources */ = {isa = PBXBuildFile; fileRef = A840387423B6C54C00F54763 /* VTClient.swift */; };
		A840387723B6C58F00F54763 /* DataController.swift in Sources */ = {isa = PBXBuildFile; fileRef = A840387623B6C58F00F54763 /* DataController.swift */; };
		A840387A23B6C7ED00F54763 /* Photo+Extension.swift in Sources */ = {isa = PBXBuildFile; fileRef = A840387823B6C7ED00F54763 /* Photo+Extension.swift */; };
		A840387B23B6C7ED00F54763 /* Pin+Extension.swift in Sources */ = {isa = PBXBuildFile; fileRef = A840387923B6C7ED00F54763 /* Pin+Extension.swift */; };
/* End PBXBuildFile section */

/* Begin PBXFileReference section */
		A831A66323B7FC1A00B6DAEB /* PhotoAlbumVC.swift */ = {isa = PBXFileReference; lastKnownFileType = sourcecode.swift; path = PhotoAlbumVC.swift; sourceTree = "<group>"; };
		A840385823B6C35C00F54763 /* VirtualTourist.app */ = {isa = PBXFileReference; explicitFileType = wrapper.application; includeInIndex = 0; path = VirtualTourist.app; sourceTree = BUILT_PRODUCTS_DIR; };
		A840385B23B6C35C00F54763 /* AppDelegate.swift */ = {isa = PBXFileReference; lastKnownFileType = sourcecode.swift; path = AppDelegate.swift; sourceTree = "<group>"; };
		A840385D23B6C35C00F54763 /* SceneDelegate.swift */ = {isa = PBXFileReference; lastKnownFileType = sourcecode.swift; path = SceneDelegate.swift; sourceTree = "<group>"; };
		A840385F23B6C35C00F54763 /* MapVC.swift */ = {isa = PBXFileReference; lastKnownFileType = sourcecode.swift; path = MapVC.swift; sourceTree = "<group>"; };
		A840386223B6C35C00F54763 /* Base */ = {isa = PBXFileReference; lastKnownFileType = file.storyboard; name = Base; path = Base.lproj/Main.storyboard; sourceTree = "<group>"; };
		A840386523B6C35C00F54763 /* VirtualTourist.xcdatamodel */ = {isa = PBXFileReference; lastKnownFileType = wrapper.xcdatamodel; path = VirtualTourist.xcdatamodel; sourceTree = "<group>"; };
		A840386723B6C35E00F54763 /* Assets.xcassets */ = {isa = PBXFileReference; lastKnownFileType = folder.assetcatalog; path = Assets.xcassets; sourceTree = "<group>"; };
		A840386A23B6C35E00F54763 /* Base */ = {isa = PBXFileReference; lastKnownFileType = file.storyboard; name = Base; path = Base.lproj/LaunchScreen.storyboard; sourceTree = "<group>"; };
		A840386C23B6C35E00F54763 /* Info.plist */ = {isa = PBXFileReference; lastKnownFileType = text.plist.xml; path = Info.plist; sourceTree = "<group>"; };
		A840387223B6C53500F54763 /* PhotoResponse.swift */ = {isa = PBXFileReference; lastKnownFileType = sourcecode.swift; path = PhotoResponse.swift; sourceTree = "<group>"; };
		A840387423B6C54C00F54763 /* VTClient.swift */ = {isa = PBXFileReference; lastKnownFileType = sourcecode.swift; path = VTClient.swift; sourceTree = "<group>"; };
		A840387623B6C58F00F54763 /* DataController.swift */ = {isa = PBXFileReference; lastKnownFileType = sourcecode.swift; path = DataController.swift; sourceTree = "<group>"; };
		A840387823B6C7ED00F54763 /* Photo+Extension.swift */ = {isa = PBXFileReference; fileEncoding = 4; lastKnownFileType = sourcecode.swift; path = "Photo+Extension.swift"; sourceTree = "<group>"; };
		A840387923B6C7ED00F54763 /* Pin+Extension.swift */ = {isa = PBXFileReference; fileEncoding = 4; lastKnownFileType = sourcecode.swift; path = "Pin+Extension.swift"; sourceTree = "<group>"; };
/* End PBXFileReference section */

/* Begin PBXFrameworksBuildPhase section */
		A840385523B6C35C00F54763 /* Frameworks */ = {
			isa = PBXFrameworksBuildPhase;
			buildActionMask = 2147483647;
			files = (
			);
			runOnlyForDeploymentPostprocessing = 0;
		};
/* End PBXFrameworksBuildPhase section */

/* Begin PBXGroup section */
		A831A66523B93B5F00B6DAEB /* Core Data */ = {
			isa = PBXGroup;
			children = (
				A840386423B6C35C00F54763 /* VirtualTourist.xcdatamodeld */,
				A840387823B6C7ED00F54763 /* Photo+Extension.swift */,
				A840387923B6C7ED00F54763 /* Pin+Extension.swift */,
				A840387623B6C58F00F54763 /* DataController.swift */,
			);
			path = "Core Data";
			sourceTree = "<group>";
		};
		A831A66623B93B8400B6DAEB /* Api */ = {
			isa = PBXGroup;
			children = (
				A840387423B6C54C00F54763 /* VTClient.swift */,
				A840387223B6C53500F54763 /* PhotoResponse.swift */,
			);
			path = Api;
			sourceTree = "<group>";
		};
		A831A66723B93B9400B6DAEB /* Model */ = {
			isa = PBXGroup;
			children = (
				A831A66623B93B8400B6DAEB /* Api */,
				A831A66523B93B5F00B6DAEB /* Core Data */,
			);
			path = Model;
			sourceTree = "<group>";
		};
		A831A66823B93B9F00B6DAEB /* Controllers */ = {
			isa = PBXGroup;
			children = (
				A840385F23B6C35C00F54763 /* MapVC.swift */,
				A831A66323B7FC1A00B6DAEB /* PhotoAlbumVC.swift */,
			);
			path = Controllers;
			sourceTree = "<group>";
		};
		A831A66923B93BB800B6DAEB /* Support */ = {
			isa = PBXGroup;
			children = (
				A840385D23B6C35C00F54763 /* SceneDelegate.swift */,
				A840386723B6C35E00F54763 /* Assets.xcassets */,
				A840386923B6C35E00F54763 /* LaunchScreen.storyboard */,
			);
			path = Support;
			sourceTree = "<group>";
		};
		A831A66A23B93BDA00B6DAEB /* Views */ = {
			isa = PBXGroup;
			children = (
				A840386123B6C35C00F54763 /* Main.storyboard */,
			);
			path = Views;
			sourceTree = "<group>";
		};
		A840384F23B6C35C00F54763 = {
			isa = PBXGroup;
			children = (
				A840385A23B6C35C00F54763 /* VirtualTourist */,
				A840385923B6C35C00F54763 /* Products */,
			);
			sourceTree = "<group>";
		};
		A840385923B6C35C00F54763 /* Products */ = {
			isa = PBXGroup;
			children = (
				A840385823B6C35C00F54763 /* VirtualTourist.app */,
			);
			name = Products;
			sourceTree = "<group>";
		};
		A840385A23B6C35C00F54763 /* VirtualTourist */ = {
			isa = PBXGroup;
			children = (
				A840385B23B6C35C00F54763 /* AppDelegate.swift */,
				A831A66723B93B9400B6DAEB /* Model */,
				A831A66823B93B9F00B6DAEB /* Controllers */,
				A831A66923B93BB800B6DAEB /* Support */,
				A831A66A23B93BDA00B6DAEB /* Views */,
				A840386C23B6C35E00F54763 /* Info.plist */,
			);
			path = VirtualTourist;
			sourceTree = "<group>";
		};
/* End PBXGroup section */

/* Begin PBXNativeTarget section */
		A840385723B6C35C00F54763 /* VirtualTourist */ = {
			isa = PBXNativeTarget;
			buildConfigurationList = A840386F23B6C35E00F54763 /* Build configuration list for PBXNativeTarget "VirtualTourist" */;
			buildPhases = (
				A840385423B6C35C00F54763 /* Sources */,
				A840385523B6C35C00F54763 /* Frameworks */,
				A840385623B6C35C00F54763 /* Resources */,
			);
			buildRules = (
			);
			dependencies = (
			);
			name = VirtualTourist;
			productName = VirtualTourist;
			productReference = A840385823B6C35C00F54763 /* VirtualTourist.app */;
			productType = "com.apple.product-type.application";
		};
/* End PBXNativeTarget section */

/* Begin PBXProject section */
		A840385023B6C35C00F54763 /* Project object */ = {
			isa = PBXProject;
			attributes = {
				LastSwiftUpdateCheck = 1130;
				LastUpgradeCheck = 1130;
				ORGANIZATIONNAME = udacity;
				TargetAttributes = {
					A840385723B6C35C00F54763 = {
						CreatedOnToolsVersion = 11.3;
					};
				};
			};
			buildConfigurationList = A840385323B6C35C00F54763 /* Build configuration list for PBXProject "VirtualTourist" */;
			compatibilityVersion = "Xcode 9.3";
			developmentRegion = en;
			hasScannedForEncodings = 0;
			knownRegions = (
				en,
				Base,
			);
			mainGroup = A840384F23B6C35C00F54763;
			productRefGroup = A840385923B6C35C00F54763 /* Products */;
			projectDirPath = "";
			projectRoot = "";
			targets = (
				A840385723B6C35C00F54763 /* VirtualTourist */,
			);
		};
/* End PBXProject section */

/* Begin PBXResourcesBuildPhase section */
		A840385623B6C35C00F54763 /* Resources */ = {
			isa = PBXResourcesBuildPhase;
			buildActionMask = 2147483647;
			files = (
				A840386B23B6C35E00F54763 /* LaunchScreen.storyboard in Resources */,
				A840386823B6C35E00F54763 /* Assets.xcassets in Resources */,
				A840386323B6C35C00F54763 /* Main.storyboard in Resources */,
			);
			runOnlyForDeploymentPostprocessing = 0;
		};
/* End PBXResourcesBuildPhase section */

/* Begin PBXSourcesBuildPhase section */
		A840385423B6C35C00F54763 /* Sources */ = {
			isa = PBXSourcesBuildPhase;
			buildActionMask = 2147483647;
			files = (
				A840387723B6C58F00F54763 /* DataController.swift in Sources */,
				A840387523B6C54C00F54763 /* VTClient.swift in Sources */,
				A840387A23B6C7ED00F54763 /* Photo+Extension.swift in Sources */,
				A840386623B6C35C00F54763 /* VirtualTourist.xcdatamodeld in Sources */,
				A840386023B6C35C00F54763 /* MapVC.swift in Sources */,
				A840385C23B6C35C00F54763 /* AppDelegate.swift in Sources */,
				A840387323B6C53500F54763 /* PhotoResponse.swift in Sources */,
				A840385E23B6C35C00F54763 /* SceneDelegate.swift in Sources */,
				A840387B23B6C7ED00F54763 /* Pin+Extension.swift in Sources */,
				A831A66423B7FC1A00B6DAEB /* PhotoAlbumVC.swift in Sources */,
			);
			runOnlyForDeploymentPostprocessing = 0;
		};
/* End PBXSourcesBuildPhase section */

/* Begin PBXVariantGroup section */
		A840386123B6C35C00F54763 /* Main.storyboard */ = {
			isa = PBXVariantGroup;
			children = (
				A840386223B6C35C00F54763 /* Base */,
			);
			name = Main.storyboard;
			sourceTree = "<group>";
		};
		A840386923B6C35E00F54763 /* LaunchScreen.storyboard */ = {
			isa = PBXVariantGroup;
			children = (
				A840386A23B6C35E00F54763 /* Base */,
			);
			name = LaunchScreen.storyboard;
			sourceTree = "<group>";
		};
/* End PBXVariantGroup section */

/* Begin XCBuildConfiguration section */
		A840386D23B6C35E00F54763 /* Debug */ = {
			isa = XCBuildConfiguration;
			buildSettings = {
				ALWAYS_SEARCH_USER_PATHS = NO;
				CLANG_ANALYZER_NONNULL = YES;
				CLANG_ANALYZER_NUMBER_OBJECT_CONVERSION = YES_AGGRESSIVE;
				CLANG_CXX_LANGUAGE_STANDARD = "gnu++14";
				CLANG_CXX_LIBRARY = "libc++";
				CLANG_ENABLE_MODULES = YES;
				CLANG_ENABLE_OBJC_ARC = YES;
				CLANG_ENABLE_OBJC_WEAK = YES;
				CLANG_WARN_BLOCK_CAPTURE_AUTORELEASING = YES;
				CLANG_WARN_BOOL_CONVERSION = YES;
				CLANG_WARN_COMMA = YES;
				CLANG_WARN_CONSTANT_CONVERSION = YES;
				CLANG_WARN_DEPRECATED_OBJC_IMPLEMENTATIONS = YES;
				CLANG_WARN_DIRECT_OBJC_ISA_USAGE = YES_ERROR;
				CLANG_WARN_DOCUMENTATION_COMMENTS = YES;
				CLANG_WARN_EMPTY_BODY = YES;
				CLANG_WARN_ENUM_CONVERSION = YES;
				CLANG_WARN_INFINITE_RECURSION = YES;
				CLANG_WARN_INT_CONVERSION = YES;
				CLANG_WARN_NON_LITERAL_NULL_CONVERSION = YES;
				CLANG_WARN_OBJC_IMPLICIT_RETAIN_SELF = YES;
				CLANG_WARN_OBJC_LITERAL_CONVERSION = YES;
				CLANG_WARN_OBJC_ROOT_CLASS = YES_ERROR;
				CLANG_WARN_RANGE_LOOP_ANALYSIS = YES;
				CLANG_WARN_STRICT_PROTOTYPES = YES;
				CLANG_WARN_SUSPICIOUS_MOVE = YES;
				CLANG_WARN_UNGUARDED_AVAILABILITY = YES_AGGRESSIVE;
				CLANG_WARN_UNREACHABLE_CODE = YES;
				CLANG_WARN__DUPLICATE_METHOD_MATCH = YES;
				COPY_PHASE_STRIP = NO;
				DEBUG_INFORMATION_FORMAT = dwarf;
				ENABLE_STRICT_OBJC_MSGSEND = YES;
				ENABLE_TESTABILITY = YES;
				GCC_C_LANGUAGE_STANDARD = gnu11;
				GCC_DYNAMIC_NO_PIC = NO;
				GCC_NO_COMMON_BLOCKS = YES;
				GCC_OPTIMIZATION_LEVEL = 0;
				GCC_PREPROCESSOR_DEFINITIONS = (
					"DEBUG=1",
					"$(inherited)",
				);
				GCC_WARN_64_TO_32_BIT_CONVERSION = YES;
				GCC_WARN_ABOUT_RETURN_TYPE = YES_ERROR;
				GCC_WARN_UNDECLARED_SELECTOR = YES;
				GCC_WARN_UNINITIALIZED_AUTOS = YES_AGGRESSIVE;
				GCC_WARN_UNUSED_FUNCTION = YES;
				GCC_WARN_UNUSED_VARIABLE = YES;
				IPHONEOS_DEPLOYMENT_TARGET = 13.2;
				MTL_ENABLE_DEBUG_INFO = INCLUDE_SOURCE;
				MTL_FAST_MATH = YES;
				ONLY_ACTIVE_ARCH = YES;
				SDKROOT = iphoneos;
				SWIFT_ACTIVE_COMPILATION_CONDITIONS = DEBUG;
				SWIFT_OPTIMIZATION_LEVEL = "-Onone";
			};
			name = Debug;
		};
		A840386E23B6C35E00F54763 /* Release */ = {
			isa = XCBuildConfiguration;
			buildSettings = {
				ALWAYS_SEARCH_USER_PATHS = NO;
				CLANG_ANALYZER_NONNULL = YES;
				CLANG_ANALYZER_NUMBER_OBJECT_CONVERSION = YES_AGGRESSIVE;
				CLANG_CXX_LANGUAGE_STANDARD = "gnu++14";
				CLANG_CXX_LIBRARY = "libc++";
				CLANG_ENABLE_MODULES = YES;
				CLANG_ENABLE_OBJC_ARC = YES;
				CLANG_ENABLE_OBJC_WEAK = YES;
				CLANG_WARN_BLOCK_CAPTURE_AUTORELEASING = YES;
				CLANG_WARN_BOOL_CONVERSION = YES;
				CLANG_WARN_COMMA = YES;
				CLANG_WARN_CONSTANT_CONVERSION = YES;
				CLANG_WARN_DEPRECATED_OBJC_IMPLEMENTATIONS = YES;
				CLANG_WARN_DIRECT_OBJC_ISA_USAGE = YES_ERROR;
				CLANG_WARN_DOCUMENTATION_COMMENTS = YES;
				CLANG_WARN_EMPTY_BODY = YES;
				CLANG_WARN_ENUM_CONVERSION = YES;
				CLANG_WARN_INFINITE_RECURSION = YES;
				CLANG_WARN_INT_CONVERSION = YES;
				CLANG_WARN_NON_LITERAL_NULL_CONVERSION = YES;
				CLANG_WARN_OBJC_IMPLICIT_RETAIN_SELF = YES;
				CLANG_WARN_OBJC_LITERAL_CONVERSION = YES;
				CLANG_WARN_OBJC_ROOT_CLASS = YES_ERROR;
				CLANG_WARN_RANGE_LOOP_ANALYSIS = YES;
				CLANG_WARN_STRICT_PROTOTYPES = YES;
				CLANG_WARN_SUSPICIOUS_MOVE = YES;
				CLANG_WARN_UNGUARDED_AVAILABILITY = YES_AGGRESSIVE;
				CLANG_WARN_UNREACHABLE_CODE = YES;
				CLANG_WARN__DUPLICATE_METHOD_MATCH = YES;
				COPY_PHASE_STRIP = NO;
				DEBUG_INFORMATION_FORMAT = "dwarf-with-dsym";
				ENABLE_NS_ASSERTIONS = NO;
				ENABLE_STRICT_OBJC_MSGSEND = YES;
				GCC_C_LANGUAGE_STANDARD = gnu11;
				GCC_NO_COMMON_BLOCKS = YES;
				GCC_WARN_64_TO_32_BIT_CONVERSION = YES;
				GCC_WARN_ABOUT_RETURN_TYPE = YES_ERROR;
				GCC_WARN_UNDECLARED_SELECTOR = YES;
				GCC_WARN_UNINITIALIZED_AUTOS = YES_AGGRESSIVE;
				GCC_WARN_UNUSED_FUNCTION = YES;
				GCC_WARN_UNUSED_VARIABLE = YES;
				IPHONEOS_DEPLOYMENT_TARGET = 13.2;
				MTL_ENABLE_DEBUG_INFO = NO;
				MTL_FAST_MATH = YES;
				SDKROOT = iphoneos;
				SWIFT_COMPILATION_MODE = wholemodule;
				SWIFT_OPTIMIZATION_LEVEL = "-O";
				VALIDATE_PRODUCT = YES;
			};
			name = Release;
		};
		A840387023B6C35E00F54763 /* Debug */ = {
			isa = XCBuildConfiguration;
			buildSettings = {
				ASSETCATALOG_COMPILER_APPICON_NAME = AppIcon;
				CODE_SIGN_STYLE = Automatic;
				INFOPLIST_FILE = VirtualTourist/Info.plist;
				LD_RUNPATH_SEARCH_PATHS = (
					"$(inherited)",
					"@executable_path/Frameworks",
				);
				PRODUCT_BUNDLE_IDENTIFIER = com.udacity.VirtualTourist;
				PRODUCT_NAME = "$(TARGET_NAME)";
				SWIFT_VERSION = 5.0;
				TARGETED_DEVICE_FAMILY = "1,2";
			};
			name = Debug;
		};
		A840387123B6C35E00F54763 /* Release */ = {
			isa = XCBuildConfiguration;
			buildSettings = {
				ASSETCATALOG_COMPILER_APPICON_NAME = AppIcon;
				CODE_SIGN_STYLE = Automatic;
				INFOPLIST_FILE = VirtualTourist/Info.plist;
				LD_RUNPATH_SEARCH_PATHS = (
					"$(inherited)",
					"@executable_path/Frameworks",
				);
				PRODUCT_BUNDLE_IDENTIFIER = com.udacity.VirtualTourist;
				PRODUCT_NAME = "$(TARGET_NAME)";
				SWIFT_VERSION = 5.0;
				TARGETED_DEVICE_FAMILY = "1,2";
			};
			name = Release;
		};
/* End XCBuildConfiguration section */

/* Begin XCConfigurationList section */
		A840385323B6C35C00F54763 /* Build configuration list for PBXProject "VirtualTourist" */ = {
			isa = XCConfigurationList;
			buildConfigurations = (
				A840386D23B6C35E00F54763 /* Debug */,
				A840386E23B6C35E00F54763 /* Release */,
			);
			defaultConfigurationIsVisible = 0;
			defaultConfigurationName = Release;
		};
		A840386F23B6C35E00F54763 /* Build configuration list for PBXNativeTarget "VirtualTourist" */ = {
			isa = XCConfigurationList;
			buildConfigurations = (
				A840387023B6C35E00F54763 /* Debug */,
				A840387123B6C35E00F54763 /* Release */,
			);
			defaultConfigurationIsVisible = 0;
			defaultConfigurationName = Release;
		};
/* End XCConfigurationList section */

/* Begin XCVersionGroup section */
		A840386423B6C35C00F54763 /* VirtualTourist.xcdatamodeld */ = {
			isa = XCVersionGroup;
			children = (
				A840386523B6C35C00F54763 /* VirtualTourist.xcdatamodel */,
			);
			currentVersion = A840386523B6C35C00F54763 /* VirtualTourist.xcdatamodel */;
			path = VirtualTourist.xcdatamodeld;
			sourceTree = "<group>";
			versionGroupType = wrapper.xcdatamodel;
		};
/* End XCVersionGroup section */
	};
	rootObject = A840385023B6C35C00F54763 /* Project object */;
}
